
Microsoft Visual Studio Solution File, Format Version 12.00
# Visual Studio Version 17
VisualStudioVersion = 17.4.33403.182
MinimumVisualStudioVersion = 10.0.40219.1
Project("{FAE04EC0-301F-11D3-BF4B-00C04F79EFBC}") = "VentasTransaction", "VentasTransaction\VentasTransaction.csproj", "{6F49B907-743C-4AB2-88DF-17149CB1DC35}"
EndProject
Project("{FAE04EC0-301F-11D3-BF4B-00C04F79EFBC}") = "AccesoDatos", "AccesoDatos\AccesoDatos.csproj", "{BC3783E5-8628-4D91-85A4-3A44666DCAC1}"
EndProject
Global
	GlobalSection(SolutionConfigurationPlatforms) = preSolution
		Debug|Any CPU = Debug|Any CPU
		Release|Any CPU = Release|Any CPU
	EndGlobalSection
	GlobalSection(ProjectConfigurationPlatforms) = postSolution
		{6F49B907-743C-4AB2-88DF-17149CB1DC35}.Debug|Any CPU.ActiveCfg = Debug|Any CPU
		{6F49B907-743C-4AB2-88DF-17149CB1DC35}.Debug|Any CPU.Build.0 = Debug|Any CPU
		{6F49B907-743C-4AB2-88DF-17149CB1DC35}.Release|Any CPU.ActiveCfg = Release|Any CPU
		{6F49B907-743C-4AB2-88DF-17149CB1DC35}.Release|Any CPU.Build.0 = Release|Any CPU
		{BC3783E5-8628-4D91-85A4-3A44666DCAC1}.Debug|Any CPU.ActiveCfg = Debug|Any CPU
		{BC3783E5-8628-4D91-85A4-3A44666DCAC1}.Debug|Any CPU.Build.0 = Debug|Any CPU
		{BC3783E5-8628-4D91-85A4-3A44666DCAC1}.Release|Any CPU.ActiveCfg = Release|Any CPU
		{BC3783E5-8628-4D91-85A4-3A44666DCAC1}.Release|Any CPU.Build.0 = Release|Any CPU
	EndGlobalSection
	GlobalSection(SolutionProperties) = preSolution
		HideSolutionNode = FALSE
	EndGlobalSection
	GlobalSection(ExtensibilityGlobals) = postSolution
		SolutionGuid = {5F25EA19-8C6B-4C68-8842-9D0D92A02E69}
	EndGlobalSection
EndGlobal
